
Microsoft Visual Studio Solution File, Format Version 12.00
# Visual Studio 14
VisualStudioVersion = 14.0.25420.1
MinimumVisualStudioVersion = 10.0.40219.1
Project("{FAE04EC0-301F-11D3-BF4B-00C04F79EFBC}") = "DiskUtilityLib", "DiskUtilityLib\DiskUtilityLib.csproj", "{DAC6334B-0F16-4AFB-BDFD-7779BE3A1F8F}"
EndProject
Project("{FAE04EC0-301F-11D3-BF4B-00C04F79EFBC}") = "DiskUtilityUI", "DiskUtilityUI\DiskUtilityUI.csproj", "{A77EDDC3-75B7-4EEB-9892-9683589F73B6}"
EndProject
Global
	GlobalSection(SolutionConfigurationPlatforms) = preSolution
		Debug|Any CPU = Debug|Any CPU
		Release|Any CPU = Release|Any CPU
	EndGlobalSection
	GlobalSection(ProjectConfigurationPlatforms) = postSolution
		{DAC6334B-0F16-4AFB-BDFD-7779BE3A1F8F}.Debug|Any CPU.ActiveCfg = Debug|Any CPU
		{DAC6334B-0F16-4AFB-BDFD-7779BE3A1F8F}.Debug|Any CPU.Build.0 = Debug|Any CPU
		{DAC6334B-0F16-4AFB-BDFD-7779BE3A1F8F}.Release|Any CPU.ActiveCfg = Release|Any CPU
		{DAC6334B-0F16-4AFB-BDFD-7779BE3A1F8F}.Release|Any CPU.Build.0 = Release|Any CPU
		{A77EDDC3-75B7-4EEB-9892-9683589F73B6}.Debug|Any CPU.ActiveCfg = Debug|Any CPU
		{A77EDDC3-75B7-4EEB-9892-9683589F73B6}.Debug|Any CPU.Build.0 = Debug|Any CPU
		{A77EDDC3-75B7-4EEB-9892-9683589F73B6}.Release|Any CPU.ActiveCfg = Release|Any CPU
		{A77EDDC3-75B7-4EEB-9892-9683589F73B6}.Release|Any CPU.Build.0 = Release|Any CPU
	EndGlobalSection
	GlobalSection(SolutionProperties) = preSolution
		HideSolutionNode = FALSE
	EndGlobalSection
EndGlobal
